
Microsoft Visual Studio Solution File, Format Version 12.00
# Visual Studio 15
VisualStudioVersion = 15.0.27004.2002
MinimumVisualStudioVersion = 10.0.40219.1
Project("{2150E333-8FDC-42A3-9474-1A3956D46DE8}") = "Documents", "Documents", "{40445605-CA11-48CE-B3C6-5720C6E2DD42}"
EndProject
Project("{2150E333-8FDC-42A3-9474-1A3956D46DE8}") = "Src", "Src", "{7AF4DFDA-6B9F-4F26-80B4-5BFD2F56C7AE}"
EndProject
Project("{2150E333-8FDC-42A3-9474-1A3956D46DE8}") = "Common", "Common", "{FD948FA7-128F-4BA9-8124-3A4B8E7EAD4D}"
EndProject
Project("{2150E333-8FDC-42A3-9474-1A3956D46DE8}") = "Core", "Core", "{55DC6D43-3220-4163-9876-1C4CAA6AAC8E}"
EndProject
Project("{2150E333-8FDC-42A3-9474-1A3956D46DE8}") = "Infrastructure", "Infrastructure", "{60C5D05E-B99F-48E8-BB91-CB3F4B886CA7}"
EndProject
Project("{2150E333-8FDC-42A3-9474-1A3956D46DE8}") = "Presentation", "Presentation", "{AB9E4F40-5D71-4AF8-817D-A79D367DD607}"
EndProject
Project("{FAE04EC0-301F-11D3-BF4B-00C04F79EFBC}") = "Social.Common", "Social.Common\Social.Common.csproj", "{9E636A73-FF51-45F9-AFC0-9B76B9DDC413}"
EndProject
Project("{FAE04EC0-301F-11D3-BF4B-00C04F79EFBC}") = "Social.Application", "Social.Application\Social.Application.csproj", "{72FC71C1-F9D6-4A5A-AFBA-CC1BEE9C3314}"
EndProject
Project("{FAE04EC0-301F-11D3-BF4B-00C04F79EFBC}") = "Social.Domain", "Social.Domain\Social.Domain.csproj", "{51E3272F-B278-4639-9B99-044DFA837391}"
EndProject
Project("{FAE04EC0-301F-11D3-BF4B-00C04F79EFBC}") = "Social.Infrastructure", "Social.Infrastructure\Social.Infrastructure.csproj", "{E073A67E-CB5B-43EC-8287-6F7035EC2E65}"
EndProject
Project("{FAE04EC0-301F-11D3-BF4B-00C04F79EFBC}") = "Social.Persistence", "Social.Persistence\Social.Persistence.csproj", "{119540D8-FAF0-4139-B6A4-0CF7AB047323}"
EndProject
Project("{FAE04EC0-301F-11D3-BF4B-00C04F79EFBC}") = "Social.API", "Social.API\Social.API.csproj", "{3721E5E2-B6BB-429A-9F78-0AAD93FCDA53}"
EndProject
Project("{FAE04EC0-301F-11D3-BF4B-00C04F79EFBC}") = "SocialSite", "SocialSite\SocialSite.csproj", "{C86545EB-DFE4-4FF3-9F2E-81CC3EED8133}"
EndProject
Global
	GlobalSection(SolutionConfigurationPlatforms) = preSolution
		Debug|Any CPU = Debug|Any CPU
		Release|Any CPU = Release|Any CPU
	EndGlobalSection
	GlobalSection(ProjectConfigurationPlatforms) = postSolution
		{9E636A73-FF51-45F9-AFC0-9B76B9DDC413}.Debug|Any CPU.ActiveCfg = Debug|Any CPU
		{9E636A73-FF51-45F9-AFC0-9B76B9DDC413}.Debug|Any CPU.Build.0 = Debug|Any CPU
		{9E636A73-FF51-45F9-AFC0-9B76B9DDC413}.Release|Any CPU.ActiveCfg = Release|Any CPU
		{9E636A73-FF51-45F9-AFC0-9B76B9DDC413}.Release|Any CPU.Build.0 = Release|Any CPU
		{72FC71C1-F9D6-4A5A-AFBA-CC1BEE9C3314}.Debug|Any CPU.ActiveCfg = Debug|Any CPU
		{72FC71C1-F9D6-4A5A-AFBA-CC1BEE9C3314}.Debug|Any CPU.Build.0 = Debug|Any CPU
		{72FC71C1-F9D6-4A5A-AFBA-CC1BEE9C3314}.Release|Any CPU.ActiveCfg = Release|Any CPU
		{72FC71C1-F9D6-4A5A-AFBA-CC1BEE9C3314}.Release|Any CPU.Build.0 = Release|Any CPU
		{51E3272F-B278-4639-9B99-044DFA837391}.Debug|Any CPU.ActiveCfg = Debug|Any CPU
		{51E3272F-B278-4639-9B99-044DFA837391}.Debug|Any CPU.Build.0 = Debug|Any CPU
		{51E3272F-B278-4639-9B99-044DFA837391}.Release|Any CPU.ActiveCfg = Release|Any CPU
		{51E3272F-B278-4639-9B99-044DFA837391}.Release|Any CPU.Build.0 = Release|Any CPU
		{E073A67E-CB5B-43EC-8287-6F7035EC2E65}.Debug|Any CPU.ActiveCfg = Debug|Any CPU
		{E073A67E-CB5B-43EC-8287-6F7035EC2E65}.Debug|Any CPU.Build.0 = Debug|Any CPU
		{E073A67E-CB5B-43EC-8287-6F7035EC2E65}.Release|Any CPU.ActiveCfg = Release|Any CPU
		{E073A67E-CB5B-43EC-8287-6F7035EC2E65}.Release|Any CPU.Build.0 = Release|Any CPU
		{119540D8-FAF0-4139-B6A4-0CF7AB047323}.Debug|Any CPU.ActiveCfg = Debug|Any CPU
		{119540D8-FAF0-4139-B6A4-0CF7AB047323}.Debug|Any CPU.Build.0 = Debug|Any CPU
		{119540D8-FAF0-4139-B6A4-0CF7AB047323}.Release|Any CPU.ActiveCfg = Release|Any CPU
		{119540D8-FAF0-4139-B6A4-0CF7AB047323}.Release|Any CPU.Build.0 = Release|Any CPU
		{3721E5E2-B6BB-429A-9F78-0AAD93FCDA53}.Debug|Any CPU.ActiveCfg = Debug|Any CPU
		{3721E5E2-B6BB-429A-9F78-0AAD93FCDA53}.Debug|Any CPU.Build.0 = Debug|Any CPU
		{3721E5E2-B6BB-429A-9F78-0AAD93FCDA53}.Release|Any CPU.ActiveCfg = Release|Any CPU
		{3721E5E2-B6BB-429A-9F78-0AAD93FCDA53}.Release|Any CPU.Build.0 = Release|Any CPU
		{C86545EB-DFE4-4FF3-9F2E-81CC3EED8133}.Debug|Any CPU.ActiveCfg = Debug|Any CPU
		{C86545EB-DFE4-4FF3-9F2E-81CC3EED8133}.Debug|Any CPU.Build.0 = Debug|Any CPU
		{C86545EB-DFE4-4FF3-9F2E-81CC3EED8133}.Release|Any CPU.ActiveCfg = Release|Any CPU
		{C86545EB-DFE4-4FF3-9F2E-81CC3EED8133}.Release|Any CPU.Build.0 = Release|Any CPU
	EndGlobalSection
	GlobalSection(SolutionProperties) = preSolution
		HideSolutionNode = FALSE
	EndGlobalSection
	GlobalSection(NestedProjects) = preSolution
		{FD948FA7-128F-4BA9-8124-3A4B8E7EAD4D} = {7AF4DFDA-6B9F-4F26-80B4-5BFD2F56C7AE}
		{55DC6D43-3220-4163-9876-1C4CAA6AAC8E} = {7AF4DFDA-6B9F-4F26-80B4-5BFD2F56C7AE}
		{60C5D05E-B99F-48E8-BB91-CB3F4B886CA7} = {7AF4DFDA-6B9F-4F26-80B4-5BFD2F56C7AE}
		{AB9E4F40-5D71-4AF8-817D-A79D367DD607} = {7AF4DFDA-6B9F-4F26-80B4-5BFD2F56C7AE}
		{9E636A73-FF51-45F9-AFC0-9B76B9DDC413} = {FD948FA7-128F-4BA9-8124-3A4B8E7EAD4D}
		{72FC71C1-F9D6-4A5A-AFBA-CC1BEE9C3314} = {55DC6D43-3220-4163-9876-1C4CAA6AAC8E}
		{51E3272F-B278-4639-9B99-044DFA837391} = {55DC6D43-3220-4163-9876-1C4CAA6AAC8E}
		{E073A67E-CB5B-43EC-8287-6F7035EC2E65} = {60C5D05E-B99F-48E8-BB91-CB3F4B886CA7}
		{119540D8-FAF0-4139-B6A4-0CF7AB047323} = {60C5D05E-B99F-48E8-BB91-CB3F4B886CA7}
		{3721E5E2-B6BB-429A-9F78-0AAD93FCDA53} = {AB9E4F40-5D71-4AF8-817D-A79D367DD607}
		{C86545EB-DFE4-4FF3-9F2E-81CC3EED8133} = {AB9E4F40-5D71-4AF8-817D-A79D367DD607}
	EndGlobalSection
	GlobalSection(ExtensibilityGlobals) = postSolution
		SolutionGuid = {935FA86D-01F0-4DC2-95DD-30227362C221}
	EndGlobalSection
EndGlobal
